hash: ea19bc849f75d7cf1c87198760b8009a95da16e64296f44826969bed131ba772
updated: 2017-03-13T23:52:49.307046557+01:00
imports:
- name: github.com/azer/url-router
  version: 1a0aa252538c21ad85fb4041c0df3d648ab813a1
- name: github.com/elazarl/go-bindata-assetfs
  version: 9a6736ed45b44bf3835afeebb3034b57ed329f3e
- name: github.com/ghodss/yaml
  version: 04f313413ffd65ce25f2541bfd2b2ceec5c0908c
- name: github.com/icrowley/fake
  version: 84bff6d01560fb0b5a396ba29534e93fd00d09c6
- name: github.com/radovskyb/watcher
  version: 828a655184ef96820e071c58bdecb5221d0ae1c3
- name: github.com/ryanuber/go-glob
  version: 572520ed46dbddaed19ea3d9541bdd0494163693
- name: github.com/stathat/go
  version: 74669b9f388d9d788c97399a0824adbfee78400e
- name: github.com/twinj/uuid
  version: 89173bcdda19db0eb88aef1e1cb1cb2505561d31
- name: golang.org/x/net
  version: 45e771701b814666a7eb299e6c7a57d0b1799e91
  subpackages:
  - websocket
- name: gopkg.in/alexcesaro/statsd.v2
  version: 7fea3f0d2fab1ad973e641e51dba45443a311a90
- name: gopkg.in/yaml.v2
  version: a5b47d31c556af34a302ce5d659e6fea44d90de0
testImports: []
