hash: db629d52670c553d751659cbe11c55638a5a0af1475da0991dde6b205724595e
updated: 2017-04-18T00:50:17.172960015+02:00
imports:
- name: github.com/azer/url-router
  version: 1a0aa252538c21ad85fb4041c0df3d648ab813a1
- name: github.com/elazarl/go-bindata-assetfs
  version: 9a6736ed45b44bf3835afeebb3034b57ed329f3e
- name: github.com/ghodss/yaml
  version: 04f313413ffd65ce25f2541bfd2b2ceec5c0908c
- name: github.com/icrowley/fake
  version: 84bff6d01560fb0b5a396ba29534e93fd00d09c6
- name: github.com/labstack/echo
  version: 948d607539e92f3974d8f24951c8975d7342e24a
- name: github.com/labstack/gommon
  version: 9298d710c664bcd21c454120f63a00fb7d484458
  subpackages:
  - color
  - log
- name: github.com/mattn/go-colorable
  version: ded68f7a9561c023e790de24279db7ebf473ea80
- name: github.com/mattn/go-isatty
  version: fc9e8d8ef48496124e79ae0df75490096eccf6fe
- name: github.com/radovskyb/watcher
  version: 828a655184ef96820e071c58bdecb5221d0ae1c3
- name: github.com/ryanuber/go-glob
  version: 572520ed46dbddaed19ea3d9541bdd0494163693
- name: github.com/stathat/go
  version: 74669b9f388d9d788c97399a0824adbfee78400e
- name: github.com/twinj/uuid
  version: 89173bcdda19db0eb88aef1e1cb1cb2505561d31
- name: github.com/valyala/bytebufferpool
  version: e746df99fe4a3986f4d4f79e13c1e0117ce9c2f7
- name: github.com/valyala/fasttemplate
  version: dcecefd839c4193db0d35b88ec65b4c12d360ab0
- name: golang.org/x/crypto
  version: cbc3d0884eac986df6e78a039b8792e869bff863
  subpackages:
  - acme
  - acme/autocert
- name: golang.org/x/net
  version: 906cda9512f77671ab44f8c8563b13a8e707b230
  subpackages:
  - websocket
- name: golang.org/x/sys
  version: d75a52659825e75fff6158388dddc6a5b04f9ba5
  subpackages:
  - unix
- name: gopkg.in/alexcesaro/statsd.v2
  version: 7fea3f0d2fab1ad973e641e51dba45443a311a90
- name: gopkg.in/yaml.v2
  version: a5b47d31c556af34a302ce5d659e6fea44d90de0
testImports: []
